// !$*UTF8*$!
{
	archiveVersion = 1;
	classes = {
	};
	objectVersion = 77;
	objects = {

/* Begin PBXBuildFile section */
		03AFD0E9BFB1531B2F0F5F11 /* SettingsView.swift in Sources */ = {isa = PBXBuildFile; fileRef = 4C82C67D956F720CB8D4B36B /* SettingsView.swift */; };
		0A374974DAE8AB7588EC0AC8 /* AppFeature.swift in Sources */ = {isa = PBXBuildFile; fileRef = 6C8BB3E0FC3485D7CE076CF1 /* AppFeature.swift */; };
		0A771ECDDC33BA5851F0BB9C /* PostHog in Frameworks */ = {isa = PBXBuildFile; productRef = 3B5E04D27BB87D42FBF35BAF /* PostHog */; };
		0DCE6B49D567B2662FBA3B4A /* Assets.xcassets in Resources */ = {isa = PBXBuildFile; fileRef = ABC48770F00DF97F4DA608DD /* Assets.xcassets */; };
		141F21B6AEFBD1F682DAE142 /* Line2D.swift in Sources */ = {isa = PBXBuildFile; fileRef = 127D04659A612DF14619A9B1 /* Line2D.swift */; };
		17F35EEA4A1E32589480BD51 /* KamiCore.framework in Embed Frameworks */ = {isa = PBXBuildFile; fileRef = A947A02072569E7DB04FC8DF /* KamiCore.framework */; settings = {ATTRIBUTES = (CodeSignOnCopy, RemoveHeadersOnCopy, ); }; };
		1AE6871FC87BCFC84BCA0623 /* PaperFormat.swift in Sources */ = {isa = PBXBuildFile; fileRef = B3F983C60D44803A9AF3633F /* PaperFormat.swift */; };
		1E8E1F7DF66C79465678BA98 /* AppKeyboardShortcut+SwiftUI.swift in Sources */ = {isa = PBXBuildFile; fileRef = 393952D3337B85DEAFF04583 /* AppKeyboardShortcut+SwiftUI.swift */; };
		1EFAF2E91EC6944B305DF910 /* referenceSceneSnapshots.flipped-committed-portrait.png in Resources */ = {isa = PBXBuildFile; fileRef = F8D8B439604FFFCD56A3650E /* referenceSceneSnapshots.flipped-committed-portrait.png */; };
		32CFE0B97FF9FAC3A2EBC1A8 /* referenceSceneSnapshots.folding-25-landscape.png in Resources */ = {isa = PBXBuildFile; fileRef = 9C20D1BC898E71CB841F554D /* referenceSceneSnapshots.folding-25-landscape.png */; };
		32FDE297B6AFA19CB2D0E090 /* RenderFrame.swift in Sources */ = {isa = PBXBuildFile; fileRef = C4CFC95B5D0BF5F081786BB4 /* RenderFrame.swift */; };
		36BB2AD85749B93E2E8F57A0 /* referenceSceneSnapshots.layered-stack-portrait.png in Resources */ = {isa = PBXBuildFile; fileRef = 0B86B476F123D6B88E0B1C10 /* referenceSceneSnapshots.layered-stack-portrait.png */; };
		36EB9CE3A4C9ECE1C491C8C1 /* ProjectSmokeTests.swift in Sources */ = {isa = PBXBuildFile; fileRef = CB2FEF8428C9EE4CC0DB3BBB /* ProjectSmokeTests.swift */; };
		39531B1EF719E47A1FF04F8D /* referenceSceneSnapshots.flipping-25-landscape.png in Resources */ = {isa = PBXBuildFile; fileRef = 90F9CCEB1C39894AFAD1CAEE /* referenceSceneSnapshots.flipping-25-landscape.png */; };
		3A62C5BB9E95909CA733925F /* AppRenderState.swift in Sources */ = {isa = PBXBuildFile; fileRef = 4A3132DDA7B8693E1B7EB957 /* AppRenderState.swift */; };
		3CDDED2849B3E70FDFD9E1FD /* AppSheet.swift in Sources */ = {isa = PBXBuildFile; fileRef = C2302C9E91606E100CD75612 /* AppSheet.swift */; };
		3F0DAF0B42E3AC6DDD805E38 /* Sizing.swift in Sources */ = {isa = PBXBuildFile; fileRef = 6C2D7C9FDEB2EC08BC528E8A /* Sizing.swift */; };
		3FE43CF42FC6CB259981FE09 /* PaperCanvasView.swift in Sources */ = {isa = PBXBuildFile; fileRef = 12627D6AFD4DBFF0BDEA55F8 /* PaperCanvasView.swift */; };
		42FEE47AF7B2D467D6E4C58A /* SnapshotTesting in Frameworks */ = {isa = PBXBuildFile; productRef = 17108BACFA97ADA9C3FD2694 /* SnapshotTesting */; };
		435009CC635E18DC3C0945DD /* referenceSceneSnapshots.flipping-75-landscape.png in Resources */ = {isa = PBXBuildFile; fileRef = D70191C96AEFA973F2702A2E /* referenceSceneSnapshots.flipping-75-landscape.png */; };
		4A09DD0BA1B9B34601541C3B /* KamiApp.swift in Sources */ = {isa = PBXBuildFile; fileRef = 8908054EF997DBEF70F4FD0E /* KamiApp.swift */; };
		4A52ACC431E91AE11FC459F3 /* AppKeyboardShortcut.swift in Sources */ = {isa = PBXBuildFile; fileRef = CF2821ED2DB60BE98F0B89FD /* AppKeyboardShortcut.swift */; };
		4C9C8674B4A3278D2A7A71CB /* InfoView.swift in Sources */ = {isa = PBXBuildFile; fileRef = BF92996BD3C9A44B5D70A434 /* InfoView.swift */; };
		4E1055A014EB37D842F992D5 /* flatA4Snapshot-scene.flat-a4-landscape.png in Resources */ = {isa = PBXBuildFile; fileRef = EF4A2B757D3A7F4737AD35FF /* flatA4Snapshot-scene.flat-a4-landscape.png */; };
		4FB0856D6C8745D00DF7F713 /* FoldTests.swift in Sources */ = {isa = PBXBuildFile; fileRef = D952CA00A2DF84358C8D2E7D /* FoldTests.swift */; };
		58C82C6E2D30A59D7BB0BBAC /* RendererStressTests.swift in Sources */ = {isa = PBXBuildFile; fileRef = C42F2DF961267EF492085EE4 /* RendererStressTests.swift */; };
		59F841007C7BBE336A7D3E0A /* referenceSceneSnapshots.flipping-25-portrait.png in Resources */ = {isa = PBXBuildFile; fileRef = 4699260F53AD8070FA5EDD68 /* referenceSceneSnapshots.flipping-25-portrait.png */; };
		6BA6631E3DB3E110584BA49B /* SizingAndRenderFrameTests.swift in Sources */ = {isa = PBXBuildFile; fileRef = AB8B14CF07A73F793193DE72 /* SizingAndRenderFrameTests.swift */; };
		72168A825F2CBA71DF2DECBF /* Paper.swift in Sources */ = {isa = PBXBuildFile; fileRef = 43E10A95CB11F94B3993EB38 /* Paper.swift */; };
		74D753D62E1F18BF1D170FEE /* wood.jpg in Resources */ = {isa = PBXBuildFile; fileRef = 1F472A7800019A63B7AECDF9 /* wood.jpg */; };
		7751E14E46FFFD50A20AF135 /* KamiCore.framework in Embed Frameworks */ = {isa = PBXBuildFile; fileRef = A947A02072569E7DB04FC8DF /* KamiCore.framework */; settings = {ATTRIBUTES = (CodeSignOnCopy, RemoveHeadersOnCopy, ); }; };
		7D2427259F0A64D1F90D9A3C /* KamiCore.framework in Frameworks */ = {isa = PBXBuildFile; fileRef = A947A02072569E7DB04FC8DF /* KamiCore.framework */; };
		7EB2BA917D54D4A580DEAC0F /* PaperRendererView.swift in Sources */ = {isa = PBXBuildFile; fileRef = 7DD17301C83F244B79713FC2 /* PaperRendererView.swift */; };
		7F3C00A4065111DFB869A770 /* MetalShaderSource.swift in Sources */ = {isa = PBXBuildFile; fileRef = A8AA42F1C9D74EEDD397E09E /* MetalShaderSource.swift */; };
		8C42E4F2FAD1709B76CC53F6 /* referenceSceneSnapshots.folding-25-portrait.png in Resources */ = {isa = PBXBuildFile; fileRef = AE710E7DE11BFD10C12B5E8B /* referenceSceneSnapshots.folding-25-portrait.png */; };
		8DF8A775AB60A6FA72202862 /* referenceSceneSnapshots.flipping-75-portrait.png in Resources */ = {isa = PBXBuildFile; fileRef = 034E8A956B8ED629147868CE /* referenceSceneSnapshots.flipping-75-portrait.png */; };
		8EA4D31069B634F8F335F94A /* FoldFlowGlass.swift in Sources */ = {isa = PBXBuildFile; fileRef = 8FA987C073E0B39B608378D9 /* FoldFlowGlass.swift */; };
		8FF1A0354AD687E8B1BFE2CD /* PaperDimensionText.swift in Sources */ = {isa = PBXBuildFile; fileRef = A1676B1F082726088AE8C16C /* PaperDimensionText.swift */; };
		921A21F9AAC56DC92A3F3688 /* SnapshotTesting in Frameworks */ = {isa = PBXBuildFile; productRef = D8A1F4AAC6F478A1BC2E0E97 /* SnapshotTesting */; };
		92A14AE6683C6B4029C3D947 /* PrivacyInfo.xcprivacy in Resources */ = {isa = PBXBuildFile; fileRef = 6901C74693FBB03EDA0BAF29 /* PrivacyInfo.xcprivacy */; };
		9B80FE3C5EED73DD54CBD8D7 /* referenceSceneSnapshots.folding-75-portrait.png in Resources */ = {isa = PBXBuildFile; fileRef = 75E6A3FD3165AC0F44E43843 /* referenceSceneSnapshots.folding-75-portrait.png */; };
		9BD6EF1E1F52CAF7DCBF8EBB /* MetalTextureCache.swift in Sources */ = {isa = PBXBuildFile; fileRef = 1B86548F3C96C10D7F0B369D /* MetalTextureCache.swift */; };
		9BDC7A16EFDA3977FA2EB180 /* Point2D.swift in Sources */ = {isa = PBXBuildFile; fileRef = 3CFF6D531C9D91AFB4A5EDF4 /* Point2D.swift */; };
		A43A2515CABE19216BE64CF9 /* Undo.swift in Sources */ = {isa = PBXBuildFile; fileRef = 102BACD64BEC3913B5AE99C0 /* Undo.swift */; };
		A873442B069E69E0D354A1D9 /* paper.jpg in Resources */ = {isa = PBXBuildFile; fileRef = 20A0428DFB4E32E0D6B43FBA /* paper.jpg */; };
		AA1C67E577DBE8A912364948 /* Polygon.swift in Sources */ = {isa = PBXBuildFile; fileRef = FA5F68DE197DA58923B54F85 /* Polygon.swift */; };
		AB9E8C44CC8D865E42932C1F /* InputAccessibilityRegressionTests.swift in Sources */ = {isa = PBXBuildFile; fileRef = CE4C8FF58E831E56727A6EFE /* InputAccessibilityRegressionTests.swift */; };
		ADB75DFAE8D2900CC2B7625C /* AppKeyboardCommand.swift in Sources */ = {isa = PBXBuildFile; fileRef = D0E7A7B7D12E4E26C510EE9F /* AppKeyboardCommand.swift */; };
		ADD2D2BECF3283D50BEABC98 /* GeometryError.swift in Sources */ = {isa = PBXBuildFile; fileRef = D4C2BD2CC350074AACBFC217 /* GeometryError.swift */; };
		B4A4355B1CADF8FDBE5C0161 /* referenceSceneSnapshots.flipped-committed-landscape.png in Resources */ = {isa = PBXBuildFile; fileRef = BCA8D625C001806BC46E2581 /* referenceSceneSnapshots.flipped-committed-landscape.png */; };
		B5D62F5F9A51F4CA724F430E /* KamiAppUITests.swift in Sources */ = {isa = PBXBuildFile; fileRef = C0D52D2BB0D3266FF0ECAFE3 /* KamiAppUITests.swift */; };
		B719C576B7529431F48B73FF /* PrimaryControlsView.swift in Sources */ = {isa = PBXBuildFile; fileRef = B877D69E0056B48FB8029DDA /* PrimaryControlsView.swift */; };
		B84A1CEDD16180537F219CC1 /* SettingsValidationError.swift in Sources */ = {isa = PBXBuildFile; fileRef = 1B9016A71F1DD584D6908537 /* SettingsValidationError.swift */; };
		B90D6A4D6C23F157286FC14D /* Fold.swift in Sources */ = {isa = PBXBuildFile; fileRef = E2FC3AF1DFE41E339041A129 /* Fold.swift */; };
		C146030D787120CCA6B56D5C /* AppFeatureRegressionTests.swift in Sources */ = {isa = PBXBuildFile; fileRef = BC8FB4021BFA4441BEF217B7 /* AppFeatureRegressionTests.swift */; };
		C342203C2AAEC31825F6A18B /* AppFeatureTests.swift in Sources */ = {isa = PBXBuildFile; fileRef = A2CCFD208A5E478294BA52EC /* AppFeatureTests.swift */; };
		C5F1E90463C454588B09D927 /* WorkspaceHeaderView.swift in Sources */ = {isa = PBXBuildFile; fileRef = 59FBA46ECAB9F460C005D0CB /* WorkspaceHeaderView.swift */; };
		C77B649DC9F48F383C57BF2C /* AppUndoHistory.swift in Sources */ = {isa = PBXBuildFile; fileRef = 14BF492E2516536E7FB23FC2 /* AppUndoHistory.swift */; };
		CA8A045FAAEB2AA800FB8F34 /* PaperSettings.swift in Sources */ = {isa = PBXBuildFile; fileRef = 0300995FE879C049FE9275D4 /* PaperSettings.swift */; };
		CADC46A636FEC9CBCE92684A /* referenceSceneSnapshots.folding-75-landscape.png in Resources */ = {isa = PBXBuildFile; fileRef = FAD36F07BB8E3BF70BD2523E /* referenceSceneSnapshots.folding-75-landscape.png */; };
		CC6532A7FBB82D655DB2DCAE /* RenderFrameRenderer.swift in Sources */ = {isa = PBXBuildFile; fileRef = A3542B31A34A339108F86EA8 /* RenderFrameRenderer.swift */; };
		CCFE3D434B71499C71E3D792 /* flatA4Snapshot-scene.flat-a4-portrait.png in Resources */ = {isa = PBXBuildFile; fileRef = A33371E12519A301AA77A2A8 /* flatA4Snapshot-scene.flat-a4-portrait.png */; };
		CE4F00A9A1E06002AD8B7DA0 /* PaperColorSelector.swift in Sources */ = {isa = PBXBuildFile; fileRef = 1408264B3AC03C988074A540 /* PaperColorSelector.swift */; };
		D8BF2D67A7F958E3F2469717 /* DebugOverlayView.swift in Sources */ = {isa = PBXBuildFile; fileRef = A3E6C502D73F736A7578E114 /* DebugOverlayView.swift */; };
		D91E27CF21EDD08C98AEBA30 /* FaceIDGenerator.swift in Sources */ = {isa = PBXBuildFile; fileRef = BB7B9FA20A173AFD624C548A /* FaceIDGenerator.swift */; };
		DB1BA7A92DEC6E33C9385506 /* PaperWorkspaceView.swift in Sources */ = {isa = PBXBuildFile; fileRef = A6EDAFE4530CB84F69639A2A /* PaperWorkspaceView.swift */; };
		DF2117B3F9C05BE1213364E9 /* AnimationTimeline.swift in Sources */ = {isa = PBXBuildFile; fileRef = 7316C15F0A52ADF629DCD694 /* AnimationTimeline.swift */; };
		E4E4146519BA178B39B5AEE0 /* ComposableArchitecture in Frameworks */ = {isa = PBXBuildFile; productRef = 70511DD0684E8609E5AAF5DD /* ComposableArchitecture */; };
		E823BFE987985AA9965F2236 /* MetalBufferArena.swift in Sources */ = {isa = PBXBuildFile; fileRef = C083D363B7A2015DF028C24E /* MetalBufferArena.swift */; };
		E8763FE385073513A6CA2CAC /* referenceSceneSnapshots.layered-stack-landscape.png in Resources */ = {isa = PBXBuildFile; fileRef = 01026D4D0A38093194622514 /* referenceSceneSnapshots.layered-stack-landscape.png */; };
		EFF5855EBEA6C31AD0EE2216 /* KamiCore.framework in Frameworks */ = {isa = PBXBuildFile; fileRef = A947A02072569E7DB04FC8DF /* KamiCore.framework */; };
		F039CDF42B18AA7E52345D16 /* AnimationRegressionTests.swift in Sources */ = {isa = PBXBuildFile; fileRef = B24CF472F01B8F413085E8BA /* AnimationRegressionTests.swift */; };
		F07B87C03542EBC53358D4B9 /* ClipperTests.swift in Sources */ = {isa = PBXBuildFile; fileRef = 5F7C6E07B593452FCDC9622D /* ClipperTests.swift */; };
		FD483A24A4C7CFE29490B6D4 /* PaperInk.swift in Sources */ = {isa = PBXBuildFile; fileRef = 1B0D660C66CDAB4D6E13C2FB /* PaperInk.swift */; };
		FDB1587F7B09108F17B0B5B7 /* Flip.swift in Sources */ = {isa = PBXBuildFile; fileRef = 8538F0698F1F38B3FDEA8E31 /* Flip.swift */; };
		FF7AFF3D1C1E69764B57E5A6 /* RenderFrameRendererTests.swift in Sources */ = {isa = PBXBuildFile; fileRef = 2BEE1517F8F192081483F40B /* RenderFrameRendererTests.swift */; };
/* End PBXBuildFile section */

/* Begin PBXContainerItemProxy section */
		0F1588C76088C8A9713A2BBA /* PBXContainerItemProxy */ = {
			isa = PBXContainerItemProxy;
			containerPortal = 9D4BE99BD8A021E7AAE4DFEF /* Project object */;
			proxyType = 1;
			remoteGlobalIDString = E5C0735140BD8BF0967B57BE;
			remoteInfo = KamiCore;
		};
		2891B9E6A08A3EF79280C19D /* PBXContainerItemProxy */ = {
			isa = PBXContainerItemProxy;
			containerPortal = 9D4BE99BD8A021E7AAE4DFEF /* Project object */;
			proxyType = 1;
			remoteGlobalIDString = F0013BC36134CC06B212CEF6;
			remoteInfo = KamiApp;
		};
		4F0FCB5522D9957E50BD905B /* PBXContainerItemProxy */ = {
			isa = PBXContainerItemProxy;
			containerPortal = 9D4BE99BD8A021E7AAE4DFEF /* Project object */;
			proxyType = 1;
			remoteGlobalIDString = F0013BC36134CC06B212CEF6;
			remoteInfo = KamiApp;
		};
		70759B356C8BA0B6577D3478 /* PBXContainerItemProxy */ = {
			isa = PBXContainerItemProxy;
			containerPortal = 9D4BE99BD8A021E7AAE4DFEF /* Project object */;
			proxyType = 1;
			remoteGlobalIDString = F0013BC36134CC06B212CEF6;
			remoteInfo = KamiApp;
		};
		D1941442DB7BA6C94D08C419 /* PBXContainerItemProxy */ = {
			isa = PBXContainerItemProxy;
			containerPortal = 9D4BE99BD8A021E7AAE4DFEF /* Project object */;
			proxyType = 1;
			remoteGlobalIDString = E5C0735140BD8BF0967B57BE;
			remoteInfo = KamiCore;
		};
/* End PBXContainerItemProxy section */

/* Begin PBXCopyFilesBuildPhase section */
		3BB75B337B2B94EB87DD1346 /* Embed Frameworks */ = {
			isa = PBXCopyFilesBuildPhase;
			buildActionMask = 2147483647;
			dstPath = "";
			dstSubfolderSpec = 10;
			files = (
				7751E14E46FFFD50A20AF135 /* KamiCore.framework in Embed Frameworks */,
			);
			name = "Embed Frameworks";
			runOnlyForDeploymentPostprocessing = 0;
		};
		CD61C3C4A061785F0038CBB4 /* Embed Frameworks */ = {
			isa = PBXCopyFilesBuildPhase;
			buildActionMask = 2147483647;
			dstPath = "";
			dstSubfolderSpec = 10;
			files = (
				17F35EEA4A1E32589480BD51 /* KamiCore.framework in Embed Frameworks */,
			);
			name = "Embed Frameworks";
			runOnlyForDeploymentPostprocessing = 0;
		};
/* End PBXCopyFilesBuildPhase section */

/* Begin PBXFileReference section */
		01026D4D0A38093194622514 /* referenceSceneSnapshots.layered-stack-landscape.png */ = {isa = PBXFileReference; lastKnownFileType = image.png; path = "referenceSceneSnapshots.layered-stack-landscape.png"; sourceTree = "<group>"; };
		0300995FE879C049FE9275D4 /* PaperSettings.swift */ = {isa = PBXFileReference; lastKnownFileType = sourcecode.swift; path = PaperSettings.swift; sourceTree = "<group>"; };
		034E8A956B8ED629147868CE /* referenceSceneSnapshots.flipping-75-portrait.png */ = {isa = PBXFileReference; lastKnownFileType = image.png; path = "referenceSceneSnapshots.flipping-75-portrait.png"; sourceTree = "<group>"; };
		0B86B476F123D6B88E0B1C10 /* referenceSceneSnapshots.layered-stack-portrait.png */ = {isa = PBXFileReference; lastKnownFileType = image.png; path = "referenceSceneSnapshots.layered-stack-portrait.png"; sourceTree = "<group>"; };
		0EB47A67668D77A817E42E2A /* KamiCoreTests.xctest */ = {isa = PBXFileReference; includeInIndex = 0; lastKnownFileType = wrapper.cfbundle; path = KamiCoreTests.xctest; sourceTree = BUILT_PRODUCTS_DIR; };
		102BACD64BEC3913B5AE99C0 /* Undo.swift */ = {isa = PBXFileReference; lastKnownFileType = sourcecode.swift; path = Undo.swift; sourceTree = "<group>"; };
		12627D6AFD4DBFF0BDEA55F8 /* PaperCanvasView.swift */ = {isa = PBXFileReference; lastKnownFileType = sourcecode.swift; path = PaperCanvasView.swift; sourceTree = "<group>"; };
		127D04659A612DF14619A9B1 /* Line2D.swift */ = {isa = PBXFileReference; lastKnownFileType = sourcecode.swift; path = Line2D.swift; sourceTree = "<group>"; };
		1408264B3AC03C988074A540 /* PaperColorSelector.swift */ = {isa = PBXFileReference; lastKnownFileType = sourcecode.swift; path = PaperColorSelector.swift; sourceTree = "<group>"; };
		14BF492E2516536E7FB23FC2 /* AppUndoHistory.swift */ = {isa = PBXFileReference; lastKnownFileType = sourcecode.swift; path = AppUndoHistory.swift; sourceTree = "<group>"; };
		1B0D660C66CDAB4D6E13C2FB /* PaperInk.swift */ = {isa = PBXFileReference; lastKnownFileType = sourcecode.swift; path = PaperInk.swift; sourceTree = "<group>"; };
		1B86548F3C96C10D7F0B369D /* MetalTextureCache.swift */ = {isa = PBXFileReference; lastKnownFileType = sourcecode.swift; path = MetalTextureCache.swift; sourceTree = "<group>"; };
		1B9016A71F1DD584D6908537 /* SettingsValidationError.swift */ = {isa = PBXFileReference; lastKnownFileType = sourcecode.swift; path = SettingsValidationError.swift; sourceTree = "<group>"; };
		1F472A7800019A63B7AECDF9 /* wood.jpg */ = {isa = PBXFileReference; lastKnownFileType = image.jpeg; path = wood.jpg; sourceTree = "<group>"; };
		20A0428DFB4E32E0D6B43FBA /* paper.jpg */ = {isa = PBXFileReference; lastKnownFileType = image.jpeg; path = paper.jpg; sourceTree = "<group>"; };
		2BEE1517F8F192081483F40B /* RenderFrameRendererTests.swift */ = {isa = PBXFileReference; lastKnownFileType = sourcecode.swift; path = RenderFrameRendererTests.swift; sourceTree = "<group>"; };
		386464CE7FAF532061DB8D0D /* KamiAppUITests.xctest */ = {isa = PBXFileReference; includeInIndex = 0; lastKnownFileType = wrapper.cfbundle; path = KamiAppUITests.xctest; sourceTree = BUILT_PRODUCTS_DIR; };
		393952D3337B85DEAFF04583 /* AppKeyboardShortcut+SwiftUI.swift */ = {isa = PBXFileReference; lastKnownFileType = sourcecode.swift; path = "AppKeyboardShortcut+SwiftUI.swift"; sourceTree = "<group>"; };
		3CFF6D531C9D91AFB4A5EDF4 /* Point2D.swift */ = {isa = PBXFileReference; lastKnownFileType = sourcecode.swift; path = Point2D.swift; sourceTree = "<group>"; };
		40907F89BBECB076CD964824 /* KamiSnapshotTests.xctest */ = {isa = PBXFileReference; includeInIndex = 0; lastKnownFileType = wrapper.cfbundle; path = KamiSnapshotTests.xctest; sourceTree = BUILT_PRODUCTS_DIR; };
		43E10A95CB11F94B3993EB38 /* Paper.swift */ = {isa = PBXFileReference; lastKnownFileType = sourcecode.swift; path = Paper.swift; sourceTree = "<group>"; };
		4699260F53AD8070FA5EDD68 /* referenceSceneSnapshots.flipping-25-portrait.png */ = {isa = PBXFileReference; lastKnownFileType = image.png; path = "referenceSceneSnapshots.flipping-25-portrait.png"; sourceTree = "<group>"; };
		4A3132DDA7B8693E1B7EB957 /* AppRenderState.swift */ = {isa = PBXFileReference; lastKnownFileType = sourcecode.swift; path = AppRenderState.swift; sourceTree = "<group>"; };
		4C82C67D956F720CB8D4B36B /* SettingsView.swift */ = {isa = PBXFileReference; lastKnownFileType = sourcecode.swift; path = SettingsView.swift; sourceTree = "<group>"; };
		59FBA46ECAB9F460C005D0CB /* WorkspaceHeaderView.swift */ = {isa = PBXFileReference; lastKnownFileType = sourcecode.swift; path = WorkspaceHeaderView.swift; sourceTree = "<group>"; };
		5F7C6E07B593452FCDC9622D /* ClipperTests.swift */ = {isa = PBXFileReference; lastKnownFileType = sourcecode.swift; path = ClipperTests.swift; sourceTree = "<group>"; };
		6901C74693FBB03EDA0BAF29 /* PrivacyInfo.xcprivacy */ = {isa = PBXFileReference; path = PrivacyInfo.xcprivacy; sourceTree = "<group>"; };
		6C2D7C9FDEB2EC08BC528E8A /* Sizing.swift */ = {isa = PBXFileReference; lastKnownFileType = sourcecode.swift; path = Sizing.swift; sourceTree = "<group>"; };
		6C8BB3E0FC3485D7CE076CF1 /* AppFeature.swift */ = {isa = PBXFileReference; lastKnownFileType = sourcecode.swift; path = AppFeature.swift; sourceTree = "<group>"; };
		72835269E3E0712E58E9C663 /* Info.plist */ = {isa = PBXFileReference; lastKnownFileType = text.plist; path = Info.plist; sourceTree = "<group>"; };
		7316C15F0A52ADF629DCD694 /* AnimationTimeline.swift */ = {isa = PBXFileReference; lastKnownFileType = sourcecode.swift; path = AnimationTimeline.swift; sourceTree = "<group>"; };
		75E6A3FD3165AC0F44E43843 /* referenceSceneSnapshots.folding-75-portrait.png */ = {isa = PBXFileReference; lastKnownFileType = image.png; path = "referenceSceneSnapshots.folding-75-portrait.png"; sourceTree = "<group>"; };
		7DD17301C83F244B79713FC2 /* PaperRendererView.swift */ = {isa = PBXFileReference; lastKnownFileType = sourcecode.swift; path = PaperRendererView.swift; sourceTree = "<group>"; };
		8538F0698F1F38B3FDEA8E31 /* Flip.swift */ = {isa = PBXFileReference; lastKnownFileType = sourcecode.swift; path = Flip.swift; sourceTree = "<group>"; };
		8908054EF997DBEF70F4FD0E /* KamiApp.swift */ = {isa = PBXFileReference; lastKnownFileType = sourcecode.swift; path = KamiApp.swift; sourceTree = "<group>"; };
		8FA987C073E0B39B608378D9 /* FoldFlowGlass.swift */ = {isa = PBXFileReference; lastKnownFileType = sourcecode.swift; path = FoldFlowGlass.swift; sourceTree = "<group>"; };
		90F9CCEB1C39894AFAD1CAEE /* referenceSceneSnapshots.flipping-25-landscape.png */ = {isa = PBXFileReference; lastKnownFileType = image.png; path = "referenceSceneSnapshots.flipping-25-landscape.png"; sourceTree = "<group>"; };
		9C20D1BC898E71CB841F554D /* referenceSceneSnapshots.folding-25-landscape.png */ = {isa = PBXFileReference; lastKnownFileType = image.png; path = "referenceSceneSnapshots.folding-25-landscape.png"; sourceTree = "<group>"; };
		A1676B1F082726088AE8C16C /* PaperDimensionText.swift */ = {isa = PBXFileReference; lastKnownFileType = sourcecode.swift; path = PaperDimensionText.swift; sourceTree = "<group>"; };
		A2CCFD208A5E478294BA52EC /* AppFeatureTests.swift */ = {isa = PBXFileReference; lastKnownFileType = sourcecode.swift; path = AppFeatureTests.swift; sourceTree = "<group>"; };
		A33371E12519A301AA77A2A8 /* flatA4Snapshot-scene.flat-a4-portrait.png */ = {isa = PBXFileReference; lastKnownFileType = image.png; path = "flatA4Snapshot-scene.flat-a4-portrait.png"; sourceTree = "<group>"; };
		A3542B31A34A339108F86EA8 /* RenderFrameRenderer.swift */ = {isa = PBXFileReference; lastKnownFileType = sourcecode.swift; path = RenderFrameRenderer.swift; sourceTree = "<group>"; };
		A3E6C502D73F736A7578E114 /* DebugOverlayView.swift */ = {isa = PBXFileReference; lastKnownFileType = sourcecode.swift; path = DebugOverlayView.swift; sourceTree = "<group>"; };
		A6EDAFE4530CB84F69639A2A /* PaperWorkspaceView.swift */ = {isa = PBXFileReference; lastKnownFileType = sourcecode.swift; path = PaperWorkspaceView.swift; sourceTree = "<group>"; };
		A8AA42F1C9D74EEDD397E09E /* MetalShaderSource.swift */ = {isa = PBXFileReference; lastKnownFileType = sourcecode.swift; path = MetalShaderSource.swift; sourceTree = "<group>"; };
		A947A02072569E7DB04FC8DF /* KamiCore.framework */ = {isa = PBXFileReference; explicitFileType = wrapper.framework; includeInIndex = 0; path = KamiCore.framework; sourceTree = BUILT_PRODUCTS_DIR; };
		AB8B14CF07A73F793193DE72 /* SizingAndRenderFrameTests.swift */ = {isa = PBXFileReference; lastKnownFileType = sourcecode.swift; path = SizingAndRenderFrameTests.swift; sourceTree = "<group>"; };
		ABC48770F00DF97F4DA608DD /* Assets.xcassets */ = {isa = PBXFileReference; lastKnownFileType = folder.assetcatalog; path = Assets.xcassets; sourceTree = "<group>"; };
		AE710E7DE11BFD10C12B5E8B /* referenceSceneSnapshots.folding-25-portrait.png */ = {isa = PBXFileReference; lastKnownFileType = image.png; path = "referenceSceneSnapshots.folding-25-portrait.png"; sourceTree = "<group>"; };
		AEE7ED51E3CCED8FFB2A4A96 /* KamiAppTests.xctest */ = {isa = PBXFileReference; includeInIndex = 0; lastKnownFileType = wrapper.cfbundle; path = KamiAppTests.xctest; sourceTree = BUILT_PRODUCTS_DIR; };
		B24CF472F01B8F413085E8BA /* AnimationRegressionTests.swift */ = {isa = PBXFileReference; lastKnownFileType = sourcecode.swift; path = AnimationRegressionTests.swift; sourceTree = "<group>"; };
		B3F983C60D44803A9AF3633F /* PaperFormat.swift */ = {isa = PBXFileReference; lastKnownFileType = sourcecode.swift; path = PaperFormat.swift; sourceTree = "<group>"; };
		B877D69E0056B48FB8029DDA /* PrimaryControlsView.swift */ = {isa = PBXFileReference; lastKnownFileType = sourcecode.swift; path = PrimaryControlsView.swift; sourceTree = "<group>"; };
		BB7B9FA20A173AFD624C548A /* FaceIDGenerator.swift */ = {isa = PBXFileReference; lastKnownFileType = sourcecode.swift; path = FaceIDGenerator.swift; sourceTree = "<group>"; };
		BC8FB4021BFA4441BEF217B7 /* AppFeatureRegressionTests.swift */ = {isa = PBXFileReference; lastKnownFileType = sourcecode.swift; path = AppFeatureRegressionTests.swift; sourceTree = "<group>"; };
		BCA8D625C001806BC46E2581 /* referenceSceneSnapshots.flipped-committed-landscape.png */ = {isa = PBXFileReference; lastKnownFileType = image.png; path = "referenceSceneSnapshots.flipped-committed-landscape.png"; sourceTree = "<group>"; };
		BF92996BD3C9A44B5D70A434 /* InfoView.swift */ = {isa = PBXFileReference; lastKnownFileType = sourcecode.swift; path = InfoView.swift; sourceTree = "<group>"; };
		C083D363B7A2015DF028C24E /* MetalBufferArena.swift */ = {isa = PBXFileReference; lastKnownFileType = sourcecode.swift; path = MetalBufferArena.swift; sourceTree = "<group>"; };
		C0D52D2BB0D3266FF0ECAFE3 /* KamiAppUITests.swift */ = {isa = PBXFileReference; lastKnownFileType = sourcecode.swift; path = KamiAppUITests.swift; sourceTree = "<group>"; };
		C2302C9E91606E100CD75612 /* AppSheet.swift */ = {isa = PBXFileReference; lastKnownFileType = sourcecode.swift; path = AppSheet.swift; sourceTree = "<group>"; };
		C42F2DF961267EF492085EE4 /* RendererStressTests.swift */ = {isa = PBXFileReference; lastKnownFileType = sourcecode.swift; path = RendererStressTests.swift; sourceTree = "<group>"; };
		C4CFC95B5D0BF5F081786BB4 /* RenderFrame.swift */ = {isa = PBXFileReference; lastKnownFileType = sourcecode.swift; path = RenderFrame.swift; sourceTree = "<group>"; };
		CB2FEF8428C9EE4CC0DB3BBB /* ProjectSmokeTests.swift */ = {isa = PBXFileReference; lastKnownFileType = sourcecode.swift; path = ProjectSmokeTests.swift; sourceTree = "<group>"; };
		CE4C8FF58E831E56727A6EFE /* InputAccessibilityRegressionTests.swift */ = {isa = PBXFileReference; lastKnownFileType = sourcecode.swift; path = InputAccessibilityRegressionTests.swift; sourceTree = "<group>"; };
		CF2821ED2DB60BE98F0B89FD /* AppKeyboardShortcut.swift */ = {isa = PBXFileReference; lastKnownFileType = sourcecode.swift; path = AppKeyboardShortcut.swift; sourceTree = "<group>"; };
		D0E7A7B7D12E4E26C510EE9F /* AppKeyboardCommand.swift */ = {isa = PBXFileReference; lastKnownFileType = sourcecode.swift; path = AppKeyboardCommand.swift; sourceTree = "<group>"; };
		D4C2BD2CC350074AACBFC217 /* GeometryError.swift */ = {isa = PBXFileReference; lastKnownFileType = sourcecode.swift; path = GeometryError.swift; sourceTree = "<group>"; };
		D70191C96AEFA973F2702A2E /* referenceSceneSnapshots.flipping-75-landscape.png */ = {isa = PBXFileReference; lastKnownFileType = image.png; path = "referenceSceneSnapshots.flipping-75-landscape.png"; sourceTree = "<group>"; };
		D952CA00A2DF84358C8D2E7D /* FoldTests.swift */ = {isa = PBXFileReference; lastKnownFileType = sourcecode.swift; path = FoldTests.swift; sourceTree = "<group>"; };
		E2FC3AF1DFE41E339041A129 /* Fold.swift */ = {isa = PBXFileReference; lastKnownFileType = sourcecode.swift; path = Fold.swift; sourceTree = "<group>"; };
		EF4A2B757D3A7F4737AD35FF /* flatA4Snapshot-scene.flat-a4-landscape.png */ = {isa = PBXFileReference; lastKnownFileType = image.png; path = "flatA4Snapshot-scene.flat-a4-landscape.png"; sourceTree = "<group>"; };
		F8D8B439604FFFCD56A3650E /* referenceSceneSnapshots.flipped-committed-portrait.png */ = {isa = PBXFileReference; lastKnownFileType = image.png; path = "referenceSceneSnapshots.flipped-committed-portrait.png"; sourceTree = "<group>"; };
		FA5F68DE197DA58923B54F85 /* Polygon.swift */ = {isa = PBXFileReference; lastKnownFileType = sourcecode.swift; path = Polygon.swift; sourceTree = "<group>"; };
		FAD36F07BB8E3BF70BD2523E /* referenceSceneSnapshots.folding-75-landscape.png */ = {isa = PBXFileReference; lastKnownFileType = image.png; path = "referenceSceneSnapshots.folding-75-landscape.png"; sourceTree = "<group>"; };
		FAFB0F01EB8EB23C02262170 /* KamiApp.app */ = {isa = PBXFileReference; includeInIndex = 0; lastKnownFileType = wrapper.application; path = KamiApp.app; sourceTree = BUILT_PRODUCTS_DIR; };
/* End PBXFileReference section */

/* Begin PBXFrameworksBuildPhase section */
		105213D952F258710C6BB984 /* Frameworks */ = {
			isa = PBXFrameworksBuildPhase;
			buildActionMask = 2147483647;
			files = (
				EFF5855EBEA6C31AD0EE2216 /* KamiCore.framework in Frameworks */,
				E4E4146519BA178B39B5AEE0 /* ComposableArchitecture in Frameworks */,
				0A771ECDDC33BA5851F0BB9C /* PostHog in Frameworks */,
			);
			runOnlyForDeploymentPostprocessing = 0;
		};
		57B0DC3E32F2ACDD9A8BD806 /* Frameworks */ = {
			isa = PBXFrameworksBuildPhase;
			buildActionMask = 2147483647;
			files = (
				7D2427259F0A64D1F90D9A3C /* KamiCore.framework in Frameworks */,
				42FEE47AF7B2D467D6E4C58A /* SnapshotTesting in Frameworks */,
			);
			runOnlyForDeploymentPostprocessing = 0;
		};
		79AF5126FAE1526F14D90135 /* Frameworks */ = {
			isa = PBXFrameworksBuildPhase;
			buildActionMask = 2147483647;
			files = (
				921A21F9AAC56DC92A3F3688 /* SnapshotTesting in Frameworks */,
			);
			runOnlyForDeploymentPostprocessing = 0;
		};
/* End PBXFrameworksBuildPhase section */

/* Begin PBXGroup section */
		1D93C043992841B3E2156034 /* RenderFrameRendererTests */ = {
			isa = PBXGroup;
			children = (
				EF4A2B757D3A7F4737AD35FF /* flatA4Snapshot-scene.flat-a4-landscape.png */,
				A33371E12519A301AA77A2A8 /* flatA4Snapshot-scene.flat-a4-portrait.png */,
				BCA8D625C001806BC46E2581 /* referenceSceneSnapshots.flipped-committed-landscape.png */,
				F8D8B439604FFFCD56A3650E /* referenceSceneSnapshots.flipped-committed-portrait.png */,
				90F9CCEB1C39894AFAD1CAEE /* referenceSceneSnapshots.flipping-25-landscape.png */,
				4699260F53AD8070FA5EDD68 /* referenceSceneSnapshots.flipping-25-portrait.png */,
				D70191C96AEFA973F2702A2E /* referenceSceneSnapshots.flipping-75-landscape.png */,
				034E8A956B8ED629147868CE /* referenceSceneSnapshots.flipping-75-portrait.png */,
				9C20D1BC898E71CB841F554D /* referenceSceneSnapshots.folding-25-landscape.png */,
				AE710E7DE11BFD10C12B5E8B /* referenceSceneSnapshots.folding-25-portrait.png */,
				FAD36F07BB8E3BF70BD2523E /* referenceSceneSnapshots.folding-75-landscape.png */,
				75E6A3FD3165AC0F44E43843 /* referenceSceneSnapshots.folding-75-portrait.png */,
				01026D4D0A38093194622514 /* referenceSceneSnapshots.layered-stack-landscape.png */,
				0B86B476F123D6B88E0B1C10 /* referenceSceneSnapshots.layered-stack-portrait.png */,
			);
			path = RenderFrameRendererTests;
			sourceTree = "<group>";
		};
		369672081131D2E4FC309AF5 /* Textures */ = {
			isa = PBXGroup;
			children = (
				20A0428DFB4E32E0D6B43FBA /* paper.jpg */,
				1F472A7800019A63B7AECDF9 /* wood.jpg */,
			);
			path = Textures;
			sourceTree = "<group>";
		};
		4573C66C8D9BC1B7CEAB7509 /* __Snapshots__ */ = {
			isa = PBXGroup;
			children = (
				1D93C043992841B3E2156034 /* RenderFrameRendererTests */,
			);
			path = __Snapshots__;
			sourceTree = "<group>";
		};
		526DDAC675AFC9A19BC56D6E /* KamiCore */ = {
			isa = PBXGroup;
			children = (
				B090C54B121177C8185AEF16 /* Geometry */,
				8A514158A5678500272A2AC0 /* Paper */,
			);
			name = KamiCore;
			path = Sources/KamiCore;
			sourceTree = "<group>";
		};
		5524724DA55C6168018A9CDE /* KamiApp */ = {
			isa = PBXGroup;
			children = (
				7316C15F0A52ADF629DCD694 /* AnimationTimeline.swift */,
				6C8BB3E0FC3485D7CE076CF1 /* AppFeature.swift */,
				D0E7A7B7D12E4E26C510EE9F /* AppKeyboardCommand.swift */,
				CF2821ED2DB60BE98F0B89FD /* AppKeyboardShortcut.swift */,
				393952D3337B85DEAFF04583 /* AppKeyboardShortcut+SwiftUI.swift */,
				4A3132DDA7B8693E1B7EB957 /* AppRenderState.swift */,
				C2302C9E91606E100CD75612 /* AppSheet.swift */,
				14BF492E2516536E7FB23FC2 /* AppUndoHistory.swift */,
				A3E6C502D73F736A7578E114 /* DebugOverlayView.swift */,
				BB7B9FA20A173AFD624C548A /* FaceIDGenerator.swift */,
				8FA987C073E0B39B608378D9 /* FoldFlowGlass.swift */,
				BF92996BD3C9A44B5D70A434 /* InfoView.swift */,
				8908054EF997DBEF70F4FD0E /* KamiApp.swift */,
				12627D6AFD4DBFF0BDEA55F8 /* PaperCanvasView.swift */,
				1408264B3AC03C988074A540 /* PaperColorSelector.swift */,
				A1676B1F082726088AE8C16C /* PaperDimensionText.swift */,
				B3F983C60D44803A9AF3633F /* PaperFormat.swift */,
				1B0D660C66CDAB4D6E13C2FB /* PaperInk.swift */,
				0300995FE879C049FE9275D4 /* PaperSettings.swift */,
				A6EDAFE4530CB84F69639A2A /* PaperWorkspaceView.swift */,
				B877D69E0056B48FB8029DDA /* PrimaryControlsView.swift */,
				1B9016A71F1DD584D6908537 /* SettingsValidationError.swift */,
				4C82C67D956F720CB8D4B36B /* SettingsView.swift */,
				59FBA46ECAB9F460C005D0CB /* WorkspaceHeaderView.swift */,
				8DD0BA9C04BCF326FD769AF5 /* Renderer */,
			);
			name = KamiApp;
			path = Sources/KamiApp;
			sourceTree = "<group>";
		};
		62E9B3893D8767CD376CC98A /* Geometry */ = {
			isa = PBXGroup;
			children = (
				5F7C6E07B593452FCDC9622D /* ClipperTests.swift */,
			);
			path = Geometry;
			sourceTree = "<group>";
		};
		7E8B2ED0D56763E15CE9DEB2 /* Paper */ = {
			isa = PBXGroup;
			children = (
				D952CA00A2DF84358C8D2E7D /* FoldTests.swift */,
				AB8B14CF07A73F793193DE72 /* SizingAndRenderFrameTests.swift */,
			);
			path = Paper;
			sourceTree = "<group>";
		};
		8A514158A5678500272A2AC0 /* Paper */ = {
			isa = PBXGroup;
			children = (
				8538F0698F1F38B3FDEA8E31 /* Flip.swift */,
				E2FC3AF1DFE41E339041A129 /* Fold.swift */,
				43E10A95CB11F94B3993EB38 /* Paper.swift */,
				C4CFC95B5D0BF5F081786BB4 /* RenderFrame.swift */,
				6C2D7C9FDEB2EC08BC528E8A /* Sizing.swift */,
				102BACD64BEC3913B5AE99C0 /* Undo.swift */,
			);
			path = Paper;
			sourceTree = "<group>";
		};
		8DD0BA9C04BCF326FD769AF5 /* Renderer */ = {
			isa = PBXGroup;
			children = (
				C083D363B7A2015DF028C24E /* MetalBufferArena.swift */,
				A8AA42F1C9D74EEDD397E09E /* MetalShaderSource.swift */,
				1B86548F3C96C10D7F0B369D /* MetalTextureCache.swift */,
				7DD17301C83F244B79713FC2 /* PaperRendererView.swift */,
				A3542B31A34A339108F86EA8 /* RenderFrameRenderer.swift */,
			);
			path = Renderer;
			sourceTree = "<group>";
		};
		93AF804ED741372CFF6B099B /* KamiSnapshotTests */ = {
			isa = PBXGroup;
			children = (
				C42F2DF961267EF492085EE4 /* RendererStressTests.swift */,
				2BEE1517F8F192081483F40B /* RenderFrameRendererTests.swift */,
				4573C66C8D9BC1B7CEAB7509 /* __Snapshots__ */,
			);
			name = KamiSnapshotTests;
			path = Tests/KamiSnapshotTests;
			sourceTree = "<group>";
		};
		9A047B8AAC95D857306EAE8F /* KamiAppTests */ = {
			isa = PBXGroup;
			children = (
				B24CF472F01B8F413085E8BA /* AnimationRegressionTests.swift */,
				BC8FB4021BFA4441BEF217B7 /* AppFeatureRegressionTests.swift */,
				A2CCFD208A5E478294BA52EC /* AppFeatureTests.swift */,
				CE4C8FF58E831E56727A6EFE /* InputAccessibilityRegressionTests.swift */,
			);
			name = KamiAppTests;
			path = Tests/KamiAppTests;
			sourceTree = "<group>";
		};
		9C17E24D47E3B8EE0016F5F8 = {
			isa = PBXGroup;
			children = (
				5524724DA55C6168018A9CDE /* KamiApp */,
				9A047B8AAC95D857306EAE8F /* KamiAppTests */,
				A6E76668D18448B78A032E18 /* KamiAppUITests */,
				526DDAC675AFC9A19BC56D6E /* KamiCore */,
				B2C0C05A3FD924723DFA8A86 /* KamiCoreTests */,
				93AF804ED741372CFF6B099B /* KamiSnapshotTests */,
				A55AC1E9788870B24C987E1F /* Resources */,
				BC232C2911C0C8E26C8CD469 /* Products */,
			);
			sourceTree = "<group>";
		};
		A55AC1E9788870B24C987E1F /* Resources */ = {
			isa = PBXGroup;
			children = (
				ABC48770F00DF97F4DA608DD /* Assets.xcassets */,
				72835269E3E0712E58E9C663 /* Info.plist */,
				6901C74693FBB03EDA0BAF29 /* PrivacyInfo.xcprivacy */,
				369672081131D2E4FC309AF5 /* Textures */,
			);
			path = Resources;
			sourceTree = "<group>";
		};
		A6E76668D18448B78A032E18 /* KamiAppUITests */ = {
			isa = PBXGroup;
			children = (
				C0D52D2BB0D3266FF0ECAFE3 /* KamiAppUITests.swift */,
			);
			name = KamiAppUITests;
			path = Tests/KamiAppUITests;
			sourceTree = "<group>";
		};
		B090C54B121177C8185AEF16 /* Geometry */ = {
			isa = PBXGroup;
			children = (
				D4C2BD2CC350074AACBFC217 /* GeometryError.swift */,
				127D04659A612DF14619A9B1 /* Line2D.swift */,
				3CFF6D531C9D91AFB4A5EDF4 /* Point2D.swift */,
				FA5F68DE197DA58923B54F85 /* Polygon.swift */,
			);
			path = Geometry;
			sourceTree = "<group>";
		};
		B2C0C05A3FD924723DFA8A86 /* KamiCoreTests */ = {
			isa = PBXGroup;
			children = (
				CB2FEF8428C9EE4CC0DB3BBB /* ProjectSmokeTests.swift */,
				62E9B3893D8767CD376CC98A /* Geometry */,
				7E8B2ED0D56763E15CE9DEB2 /* Paper */,
			);
			name = KamiCoreTests;
			path = Tests/KamiCoreTests;
			sourceTree = "<group>";
		};
		BC232C2911C0C8E26C8CD469 /* Products */ = {
			isa = PBXGroup;
			children = (
				FAFB0F01EB8EB23C02262170 /* KamiApp.app */,
				AEE7ED51E3CCED8FFB2A4A96 /* KamiAppTests.xctest */,
				386464CE7FAF532061DB8D0D /* KamiAppUITests.xctest */,
				A947A02072569E7DB04FC8DF /* KamiCore.framework */,
				0EB47A67668D77A817E42E2A /* KamiCoreTests.xctest */,
				40907F89BBECB076CD964824 /* KamiSnapshotTests.xctest */,
			);
			name = Products;
			sourceTree = "<group>";
		};
/* End PBXGroup section */

/* Begin PBXNativeTarget section */
		2288E6FED660E68FC9CA9769 /* KamiAppTests */ = {
			isa = PBXNativeTarget;
			buildConfigurationList = E98B9313BA0E5F6A5331E2A0 /* Build configuration list for PBXNativeTarget "KamiAppTests" */;
			buildPhases = (
				ECAA4F17F98D6A61452C73A9 /* Sources */,
			);
			buildRules = (
			);
			dependencies = (
				AD9E791E5C0AA1D79D437668 /* PBXTargetDependency */,
			);
			name = KamiAppTests;
			packageProductDependencies = (
			);
			productName = KamiAppTests;
			productReference = AEE7ED51E3CCED8FFB2A4A96 /* KamiAppTests.xctest */;
			productType = "com.apple.product-type.bundle.unit-test";
		};
		4C0BEC230A78EF8E5F974610 /* KamiCoreTests */ = {
			isa = PBXNativeTarget;
			buildConfigurationList = 715DB531A99904FB39CF188A /* Build configuration list for PBXNativeTarget "KamiCoreTests" */;
			buildPhases = (
				1BA088162341A24EEAA18602 /* Sources */,
				57B0DC3E32F2ACDD9A8BD806 /* Frameworks */,
				CD61C3C4A061785F0038CBB4 /* Embed Frameworks */,
			);
			buildRules = (
			);
			dependencies = (
				09D4DDE911FFDEDE2223CF02 /* PBXTargetDependency */,
			);
			name = KamiCoreTests;
			packageProductDependencies = (
				17108BACFA97ADA9C3FD2694 /* SnapshotTesting */,
			);
			productName = KamiCoreTests;
			productReference = 0EB47A67668D77A817E42E2A /* KamiCoreTests.xctest */;
			productType = "com.apple.product-type.bundle.unit-test";
		};
		A841F9DDD43671E916CFE264 /* KamiAppUITests */ = {
			isa = PBXNativeTarget;
			buildConfigurationList = D4A580BEDCB929D868032511 /* Build configuration list for PBXNativeTarget "KamiAppUITests" */;
			buildPhases = (
				144324701D8C035BA3C208DE /* Sources */,
			);
			buildRules = (
			);
			dependencies = (
				44F5A1E4D29E5022702C8EC4 /* PBXTargetDependency */,
			);
			name = KamiAppUITests;
			packageProductDependencies = (
			);
			productName = KamiAppUITests;
			productReference = 386464CE7FAF532061DB8D0D /* KamiAppUITests.xctest */;
			productType = "com.apple.product-type.bundle.ui-testing";
		};
		D53F8D2DE8039AC3BDFF8B62 /* KamiSnapshotTests */ = {
			isa = PBXNativeTarget;
			buildConfigurationList = 0974BADDB0D8C503A3F9FEF9 /* Build configuration list for PBXNativeTarget "KamiSnapshotTests" */;
			buildPhases = (
				697A5BA0DED542F562F8886A /* Sources */,
				17593C1825C6955D3C4AF5D1 /* Resources */,
				79AF5126FAE1526F14D90135 /* Frameworks */,
			);
			buildRules = (
			);
			dependencies = (
				1BC6042D207069ABD0E029A3 /* PBXTargetDependency */,
			);
			name = KamiSnapshotTests;
			packageProductDependencies = (
				D8A1F4AAC6F478A1BC2E0E97 /* SnapshotTesting */,
			);
			productName = KamiSnapshotTests;
			productReference = 40907F89BBECB076CD964824 /* KamiSnapshotTests.xctest */;
			productType = "com.apple.product-type.bundle.unit-test";
		};
		E5C0735140BD8BF0967B57BE /* KamiCore */ = {
			isa = PBXNativeTarget;
			buildConfigurationList = 6548D1B74741C811759E8342 /* Build configuration list for PBXNativeTarget "KamiCore" */;
			buildPhases = (
				34FD95536C16F5EA4FCF2B70 /* Sources */,
			);
			buildRules = (
			);
			dependencies = (
			);
			name = KamiCore;
			packageProductDependencies = (
			);
			productName = KamiCore;
			productReference = A947A02072569E7DB04FC8DF /* KamiCore.framework */;
			productType = "com.apple.product-type.framework";
		};
		F0013BC36134CC06B212CEF6 /* KamiApp */ = {
			isa = PBXNativeTarget;
			buildConfigurationList = 7995562142C44DD539AD6F75 /* Build configuration list for PBXNativeTarget "KamiApp" */;
			buildPhases = (
				2C3B55426EC1305E5CB657D1 /* Sources */,
				965210D4212EC667DF20AA9F /* Resources */,
				105213D952F258710C6BB984 /* Frameworks */,
				3BB75B337B2B94EB87DD1346 /* Embed Frameworks */,
			);
			buildRules = (
			);
			dependencies = (
				668E62939C2A7005AEED7E16 /* PBXTargetDependency */,
			);
			name = KamiApp;
			packageProductDependencies = (
				70511DD0684E8609E5AAF5DD /* ComposableArchitecture */,
				3B5E04D27BB87D42FBF35BAF /* PostHog */,
			);
			productName = KamiApp;
			productReference = FAFB0F01EB8EB23C02262170 /* KamiApp.app */;
			productType = "com.apple.product-type.application";
		};
/* End PBXNativeTarget section */

/* Begin PBXProject section */
		9D4BE99BD8A021E7AAE4DFEF /* Project object */ = {
			isa = PBXProject;
			attributes = {
				BuildIndependentTargetsInParallel = YES;
				LastUpgradeCheck = 1430;
				TargetAttributes = {
					2288E6FED660E68FC9CA9769 = {
						DevelopmentTeam = "";
						ProvisioningStyle = Automatic;
					};
					4C0BEC230A78EF8E5F974610 = {
						DevelopmentTeam = "";
						ProvisioningStyle = Automatic;
					};
					A841F9DDD43671E916CFE264 = {
						DevelopmentTeam = "";
						ProvisioningStyle = Automatic;
						TestTargetID = F0013BC36134CC06B212CEF6;
					};
					D53F8D2DE8039AC3BDFF8B62 = {
						DevelopmentTeam = "";
						ProvisioningStyle = Automatic;
					};
					E5C0735140BD8BF0967B57BE = {
						DevelopmentTeam = "";
						ProvisioningStyle = Automatic;
					};
					F0013BC36134CC06B212CEF6 = {
						DevelopmentTeam = "";
						ProvisioningStyle = Automatic;
					};
				};
			};
			buildConfigurationList = 11D9FA2CBC152BB599AAFE68 /* Build configuration list for PBXProject "Kami" */;
			developmentRegion = en;
			hasScannedForEncodings = 0;
			knownRegions = (
				Base,
				en,
			);
			mainGroup = 9C17E24D47E3B8EE0016F5F8;
			minimizedProjectReferenceProxies = 1;
			packageReferences = (
				75E1B2F22EE107F6C3BC80CC /* XCRemoteSwiftPackageReference "swift-composable-architecture" */,
				5C68A58597034BE02B233CDA /* XCRemoteSwiftPackageReference "posthog-ios" */,
				3FAAD42C13E3E853E1F4BAB8 /* XCRemoteSwiftPackageReference "swift-snapshot-testing" */,
			);
			preferredProjectObjectVersion = 77;
			productRefGroup = BC232C2911C0C8E26C8CD469 /* Products */;
			projectDirPath = "";
			projectRoot = "";
			targets = (
				E5C0735140BD8BF0967B57BE /* KamiCore */,
				F0013BC36134CC06B212CEF6 /* KamiApp */,
				4C0BEC230A78EF8E5F974610 /* KamiCoreTests */,
				2288E6FED660E68FC9CA9769 /* KamiAppTests */,
				D53F8D2DE8039AC3BDFF8B62 /* KamiSnapshotTests */,
				A841F9DDD43671E916CFE264 /* KamiAppUITests */,
			);
		};
/* End PBXProject section */

/* Begin PBXResourcesBuildPhase section */
		17593C1825C6955D3C4AF5D1 /* Resources */ = {
			isa = PBXResourcesBuildPhase;
			buildActionMask = 2147483647;
			files = (
				4E1055A014EB37D842F992D5 /* flatA4Snapshot-scene.flat-a4-landscape.png in Resources */,
				CCFE3D434B71499C71E3D792 /* flatA4Snapshot-scene.flat-a4-portrait.png in Resources */,
				B4A4355B1CADF8FDBE5C0161 /* referenceSceneSnapshots.flipped-committed-landscape.png in Resources */,
				1EFAF2E91EC6944B305DF910 /* referenceSceneSnapshots.flipped-committed-portrait.png in Resources */,
				39531B1EF719E47A1FF04F8D /* referenceSceneSnapshots.flipping-25-landscape.png in Resources */,
				59F841007C7BBE336A7D3E0A /* referenceSceneSnapshots.flipping-25-portrait.png in Resources */,
				435009CC635E18DC3C0945DD /* referenceSceneSnapshots.flipping-75-landscape.png in Resources */,
				8DF8A775AB60A6FA72202862 /* referenceSceneSnapshots.flipping-75-portrait.png in Resources */,
				32CFE0B97FF9FAC3A2EBC1A8 /* referenceSceneSnapshots.folding-25-landscape.png in Resources */,
				8C42E4F2FAD1709B76CC53F6 /* referenceSceneSnapshots.folding-25-portrait.png in Resources */,
				CADC46A636FEC9CBCE92684A /* referenceSceneSnapshots.folding-75-landscape.png in Resources */,
				9B80FE3C5EED73DD54CBD8D7 /* referenceSceneSnapshots.folding-75-portrait.png in Resources */,
				E8763FE385073513A6CA2CAC /* referenceSceneSnapshots.layered-stack-landscape.png in Resources */,
				36BB2AD85749B93E2E8F57A0 /* referenceSceneSnapshots.layered-stack-portrait.png in Resources */,
			);
			runOnlyForDeploymentPostprocessing = 0;
		};
		965210D4212EC667DF20AA9F /* Resources */ = {
			isa = PBXResourcesBuildPhase;
			buildActionMask = 2147483647;
			files = (
				0DCE6B49D567B2662FBA3B4A /* Assets.xcassets in Resources */,
				92A14AE6683C6B4029C3D947 /* PrivacyInfo.xcprivacy in Resources */,
				A873442B069E69E0D354A1D9 /* paper.jpg in Resources */,
				74D753D62E1F18BF1D170FEE /* wood.jpg in Resources */,
			);
			runOnlyForDeploymentPostprocessing = 0;
		};
/* End PBXResourcesBuildPhase section */

/* Begin PBXSourcesBuildPhase section */
		144324701D8C035BA3C208DE /* Sources */ = {
			isa = PBXSourcesBuildPhase;
			buildActionMask = 2147483647;
			files = (
				B5D62F5F9A51F4CA724F430E /* KamiAppUITests.swift in Sources */,
			);
			runOnlyForDeploymentPostprocessing = 0;
		};
		1BA088162341A24EEAA18602 /* Sources */ = {
			isa = PBXSourcesBuildPhase;
			buildActionMask = 2147483647;
			files = (
				F07B87C03542EBC53358D4B9 /* ClipperTests.swift in Sources */,
				4FB0856D6C8745D00DF7F713 /* FoldTests.swift in Sources */,
				36EB9CE3A4C9ECE1C491C8C1 /* ProjectSmokeTests.swift in Sources */,
				6BA6631E3DB3E110584BA49B /* SizingAndRenderFrameTests.swift in Sources */,
			);
			runOnlyForDeploymentPostprocessing = 0;
		};
		2C3B55426EC1305E5CB657D1 /* Sources */ = {
			isa = PBXSourcesBuildPhase;
			buildActionMask = 2147483647;
			files = (
				DF2117B3F9C05BE1213364E9 /* AnimationTimeline.swift in Sources */,
				0A374974DAE8AB7588EC0AC8 /* AppFeature.swift in Sources */,
				ADB75DFAE8D2900CC2B7625C /* AppKeyboardCommand.swift in Sources */,
				1E8E1F7DF66C79465678BA98 /* AppKeyboardShortcut+SwiftUI.swift in Sources */,
				4A52ACC431E91AE11FC459F3 /* AppKeyboardShortcut.swift in Sources */,
				3A62C5BB9E95909CA733925F /* AppRenderState.swift in Sources */,
				3CDDED2849B3E70FDFD9E1FD /* AppSheet.swift in Sources */,
				C77B649DC9F48F383C57BF2C /* AppUndoHistory.swift in Sources */,
				D8BF2D67A7F958E3F2469717 /* DebugOverlayView.swift in Sources */,
				D91E27CF21EDD08C98AEBA30 /* FaceIDGenerator.swift in Sources */,
				8EA4D31069B634F8F335F94A /* FoldFlowGlass.swift in Sources */,
				4C9C8674B4A3278D2A7A71CB /* InfoView.swift in Sources */,
				4A09DD0BA1B9B34601541C3B /* KamiApp.swift in Sources */,
				E823BFE987985AA9965F2236 /* MetalBufferArena.swift in Sources */,
				7F3C00A4065111DFB869A770 /* MetalShaderSource.swift in Sources */,
				9BD6EF1E1F52CAF7DCBF8EBB /* MetalTextureCache.swift in Sources */,
				3FE43CF42FC6CB259981FE09 /* PaperCanvasView.swift in Sources */,
				CE4F00A9A1E06002AD8B7DA0 /* PaperColorSelector.swift in Sources */,
				8FF1A0354AD687E8B1BFE2CD /* PaperDimensionText.swift in Sources */,
				1AE6871FC87BCFC84BCA0623 /* PaperFormat.swift in Sources */,
				FD483A24A4C7CFE29490B6D4 /* PaperInk.swift in Sources */,
				7EB2BA917D54D4A580DEAC0F /* PaperRendererView.swift in Sources */,
				CA8A045FAAEB2AA800FB8F34 /* PaperSettings.swift in Sources */,
				DB1BA7A92DEC6E33C9385506 /* PaperWorkspaceView.swift in Sources */,
				B719C576B7529431F48B73FF /* PrimaryControlsView.swift in Sources */,
				CC6532A7FBB82D655DB2DCAE /* RenderFrameRenderer.swift in Sources */,
				B84A1CEDD16180537F219CC1 /* SettingsValidationError.swift in Sources */,
				03AFD0E9BFB1531B2F0F5F11 /* SettingsView.swift in Sources */,
				C5F1E90463C454588B09D927 /* WorkspaceHeaderView.swift in Sources */,
			);
			runOnlyForDeploymentPostprocessing = 0;
		};
		34FD95536C16F5EA4FCF2B70 /* Sources */ = {
			isa = PBXSourcesBuildPhase;
			buildActionMask = 2147483647;
			files = (
				FDB1587F7B09108F17B0B5B7 /* Flip.swift in Sources */,
				B90D6A4D6C23F157286FC14D /* Fold.swift in Sources */,
				ADD2D2BECF3283D50BEABC98 /* GeometryError.swift in Sources */,
				141F21B6AEFBD1F682DAE142 /* Line2D.swift in Sources */,
				72168A825F2CBA71DF2DECBF /* Paper.swift in Sources */,
				9BDC7A16EFDA3977FA2EB180 /* Point2D.swift in Sources */,
				AA1C67E577DBE8A912364948 /* Polygon.swift in Sources */,
				32FDE297B6AFA19CB2D0E090 /* RenderFrame.swift in Sources */,
				3F0DAF0B42E3AC6DDD805E38 /* Sizing.swift in Sources */,
				A43A2515CABE19216BE64CF9 /* Undo.swift in Sources */,
			);
			runOnlyForDeploymentPostprocessing = 0;
		};
		697A5BA0DED542F562F8886A /* Sources */ = {
			isa = PBXSourcesBuildPhase;
			buildActionMask = 2147483647;
			files = (
				FF7AFF3D1C1E69764B57E5A6 /* RenderFrameRendererTests.swift in Sources */,
				58C82C6E2D30A59D7BB0BBAC /* RendererStressTests.swift in Sources */,
			);
			runOnlyForDeploymentPostprocessing = 0;
		};
		ECAA4F17F98D6A61452C73A9 /* Sources */ = {
			isa = PBXSourcesBuildPhase;
			buildActionMask = 2147483647;
			files = (
				F039CDF42B18AA7E52345D16 /* AnimationRegressionTests.swift in Sources */,
				C146030D787120CCA6B56D5C /* AppFeatureRegressionTests.swift in Sources */,
				C342203C2AAEC31825F6A18B /* AppFeatureTests.swift in Sources */,
				AB9E8C44CC8D865E42932C1F /* InputAccessibilityRegressionTests.swift in Sources */,
			);
			runOnlyForDeploymentPostprocessing = 0;
		};
/* End PBXSourcesBuildPhase section */

/* Begin PBXTargetDependency section */
		09D4DDE911FFDEDE2223CF02 /* PBXTargetDependency */ = {
			isa = PBXTargetDependency;
			target = E5C0735140BD8BF0967B57BE /* KamiCore */;
			targetProxy = D1941442DB7BA6C94D08C419 /* PBXContainerItemProxy */;
		};
		1BC6042D207069ABD0E029A3 /* PBXTargetDependency */ = {
			isa = PBXTargetDependency;
			target = F0013BC36134CC06B212CEF6 /* KamiApp */;
			targetProxy = 2891B9E6A08A3EF79280C19D /* PBXContainerItemProxy */;
		};
		44F5A1E4D29E5022702C8EC4 /* PBXTargetDependency */ = {
			isa = PBXTargetDependency;
			target = F0013BC36134CC06B212CEF6 /* KamiApp */;
			targetProxy = 4F0FCB5522D9957E50BD905B /* PBXContainerItemProxy */;
		};
		668E62939C2A7005AEED7E16 /* PBXTargetDependency */ = {
			isa = PBXTargetDependency;
			target = E5C0735140BD8BF0967B57BE /* KamiCore */;
			targetProxy = 0F1588C76088C8A9713A2BBA /* PBXContainerItemProxy */;
		};
		AD9E791E5C0AA1D79D437668 /* PBXTargetDependency */ = {
			isa = PBXTargetDependency;
			target = F0013BC36134CC06B212CEF6 /* KamiApp */;
			targetProxy = 70759B356C8BA0B6577D3478 /* PBXContainerItemProxy */;
		};
/* End PBXTargetDependency section */

/* Begin XCBuildConfiguration section */
		083EAAE80E0E6E182ADC4F3B /* Debug */ = {
			isa = XCBuildConfiguration;
			buildSettings = {
				ALWAYS_SEARCH_USER_PATHS = NO;
				CLANG_ANALYZER_NONNULL = YES;
				CLANG_ANALYZER_NUMBER_OBJECT_CONVERSION = YES_AGGRESSIVE;
				CLANG_CXX_LANGUAGE_STANDARD = "gnu++14";
				CLANG_CXX_LIBRARY = "libc++";
				CLANG_ENABLE_MODULES = YES;
				CLANG_ENABLE_OBJC_ARC = YES;
				CLANG_ENABLE_OBJC_WEAK = YES;
				CLANG_WARN_BLOCK_CAPTURE_AUTORELEASING = YES;
				CLANG_WARN_BOOL_CONVERSION = YES;
				CLANG_WARN_COMMA = YES;
				CLANG_WARN_CONSTANT_CONVERSION = YES;
				CLANG_WARN_DEPRECATED_OBJC_IMPLEMENTATIONS = YES;
				CLANG_WARN_DIRECT_OBJC_ISA_USAGE = YES_ERROR;
				CLANG_WARN_DOCUMENTATION_COMMENTS = YES;
				CLANG_WARN_EMPTY_BODY = YES;
				CLANG_WARN_ENUM_CONVERSION = YES;
				CLANG_WARN_INFINITE_RECURSION = YES;
				CLANG_WARN_INT_CONVERSION = YES;
				CLANG_WARN_NON_LITERAL_NULL_CONVERSION = YES;
				CLANG_WARN_OBJC_IMPLICIT_RETAIN_SELF = YES;
				CLANG_WARN_OBJC_LITERAL_CONVERSION = YES;
				CLANG_WARN_OBJC_ROOT_CLASS = YES_ERROR;
				CLANG_WARN_QUOTED_INCLUDE_IN_FRAMEWORK_HEADER = YES;
				CLANG_WARN_RANGE_LOOP_ANALYSIS = YES;
				CLANG_WARN_STRICT_PROTOTYPES = YES;
				CLANG_WARN_SUSPICIOUS_MOVE = YES;
				CLANG_WARN_UNGUARDED_AVAILABILITY = YES_AGGRESSIVE;
				CLANG_WARN_UNREACHABLE_CODE = YES;
				CLANG_WARN__DUPLICATE_METHOD_MATCH = YES;
				CODE_SIGN_STYLE = Automatic;
				COPY_PHASE_STRIP = NO;
				DEBUG_INFORMATION_FORMAT = dwarf;
				DEVELOPMENT_TEAM = "";
				ENABLE_STRICT_OBJC_MSGSEND = YES;
				ENABLE_TESTABILITY = YES;
				GCC_C_LANGUAGE_STANDARD = gnu11;
				GCC_DYNAMIC_NO_PIC = NO;
				GCC_NO_COMMON_BLOCKS = YES;
				GCC_OPTIMIZATION_LEVEL = 0;
				GCC_PREPROCESSOR_DEFINITIONS = (
					"$(inherited)",
					"DEBUG=1",
				);
				GCC_WARN_64_TO_32_BIT_CONVERSION = YES;
				GCC_WARN_ABOUT_RETURN_TYPE = YES_ERROR;
				GCC_WARN_UNDECLARED_SELECTOR = YES;
				GCC_WARN_UNINITIALIZED_AUTOS = YES_AGGRESSIVE;
				GCC_WARN_UNUSED_FUNCTION = YES;
				GCC_WARN_UNUSED_VARIABLE = YES;
				GENERATE_INFOPLIST_FILE = NO;
				IPHONEOS_DEPLOYMENT_TARGET = 18.0;
				MTL_ENABLE_DEBUG_INFO = INCLUDE_SOURCE;
				MTL_FAST_MATH = YES;
				ONLY_ACTIVE_ARCH = YES;
				PRODUCT_NAME = "$(TARGET_NAME)";
				SDKROOT = iphoneos;
				SWIFT_ACTIVE_COMPILATION_CONDITIONS = DEBUG;
				SWIFT_OPTIMIZATION_LEVEL = "-Onone";
				SWIFT_STRICT_CONCURRENCY = complete;
				SWIFT_VERSION = 6.3;
				TARGETED_DEVICE_FAMILY = 1;
			};
			name = Debug;
		};
		1DEDBD615CC091978C998F95 /* Release */ = {
			isa = XCBuildConfiguration;
			buildSettings = {
				ASSETCATALOG_COMPILER_APPICON_NAME = AppIcon;
				ASSETCATALOG_COMPILER_GLOBAL_ACCENT_COLOR_NAME = AccentColor;
				CODE_SIGN_ENTITLEMENTS = "";
				CODE_SIGN_IDENTITY = "iPhone Developer";
				INFOPLIST_FILE = Resources/Info.plist;
				LD_RUNPATH_SEARCH_PATHS = (
					"$(inherited)",
					"@executable_path/Frameworks",
				);
				PRODUCT_BUNDLE_IDENTIFIER = eu.maxwase.kami;
				SDKROOT = iphoneos;
				TARGETED_DEVICE_FAMILY = "1,2";
			};
			name = Release;
		};
		1F2234A0F8A8FAD8F637CE0A /* Release */ = {
			isa = XCBuildConfiguration;
			buildSettings = {
				BUNDLE_LOADER = "$(TEST_HOST)";
				LD_RUNPATH_SEARCH_PATHS = (
					"$(inherited)",
					"@executable_path/Frameworks",
					"@loader_path/Frameworks",
				);
				SDKROOT = iphoneos;
				TARGETED_DEVICE_FAMILY = "1,2";
			};
			name = Release;
		};
		3F2006FBC48D14D177609D32 /* Debug */ = {
			isa = XCBuildConfiguration;
			buildSettings = {
				ASSETCATALOG_COMPILER_APPICON_NAME = AppIcon;
				ASSETCATALOG_COMPILER_GLOBAL_ACCENT_COLOR_NAME = AccentColor;
				CODE_SIGN_ENTITLEMENTS = "";
				CODE_SIGN_IDENTITY = "iPhone Developer";
				INFOPLIST_FILE = Resources/Info.plist;
				LD_RUNPATH_SEARCH_PATHS = (
					"$(inherited)",
					"@executable_path/Frameworks",
				);
				PRODUCT_BUNDLE_IDENTIFIER = eu.maxwase.kami;
				SDKROOT = iphoneos;
				TARGETED_DEVICE_FAMILY = "1,2";
			};
			name = Debug;
		};
		5493B5D47A3128F50C3F0E1C /* Release */ = {
			isa = XCBuildConfiguration;
			buildSettings = {
				BUNDLE_LOADER = "$(TEST_HOST)";
				LD_RUNPATH_SEARCH_PATHS = (
					"$(inherited)",
					"@executable_path/Frameworks",
					"@loader_path/Frameworks",
				);
				SDKROOT = iphoneos;
				TARGETED_DEVICE_FAMILY = "1,2";
				TEST_TARGET_NAME = KamiApp;
			};
			name = Release;
		};
		56E427A6EE0458E5F7627320 /* Release */ = {
			isa = XCBuildConfiguration;
			buildSettings = {
				CODE_SIGN_IDENTITY = "";
				CURRENT_PROJECT_VERSION = 1;
				DEFINES_MODULE = YES;
				DYLIB_COMPATIBILITY_VERSION = 1;
				DYLIB_CURRENT_VERSION = 1;
				DYLIB_INSTALL_NAME_BASE = "@rpath";
				GENERATE_INFOPLIST_FILE = YES;
				INSTALL_PATH = "$(LOCAL_LIBRARY_DIR)/Frameworks";
				LD_RUNPATH_SEARCH_PATHS = (
					"$(inherited)",
					"@executable_path/Frameworks",
				);
				PRODUCT_BUNDLE_IDENTIFIER = eu.maxwase.kami.core;
				SDKROOT = iphoneos;
				SKIP_INSTALL = YES;
				TARGETED_DEVICE_FAMILY = "1,2";
				VERSIONING_SYSTEM = "apple-generic";
			};
			name = Release;
		};
		57184D03F40AA0BCC1EE6829 /* Release */ = {
			isa = XCBuildConfiguration;
			buildSettings = {
				BUNDLE_LOADER = "$(TEST_HOST)";
				LD_RUNPATH_SEARCH_PATHS = (
					"$(inherited)",
					"@executable_path/Frameworks",
					"@loader_path/Frameworks",
				);
				SDKROOT = iphoneos;
				TARGETED_DEVICE_FAMILY = "1,2";
				TEST_HOST = "$(BUILT_PRODUCTS_DIR)/KamiApp.app/KamiApp";
			};
			name = Release;
		};
		5F13D94D54F957709FF66525 /* Debug */ = {
			isa = XCBuildConfiguration;
			buildSettings = {
				BUNDLE_LOADER = "$(TEST_HOST)";
				LD_RUNPATH_SEARCH_PATHS = (
					"$(inherited)",
					"@executable_path/Frameworks",
					"@loader_path/Frameworks",
				);
				SDKROOT = iphoneos;
				TARGETED_DEVICE_FAMILY = "1,2";
			};
			name = Debug;
		};
		6D73297BA8AB8C2F3FA0D13F /* Release */ = {
			isa = XCBuildConfiguration;
			buildSettings = {
				ALWAYS_SEARCH_USER_PATHS = NO;
				CLANG_ANALYZER_NONNULL = YES;
				CLANG_ANALYZER_NUMBER_OBJECT_CONVERSION = YES_AGGRESSIVE;
				CLANG_CXX_LANGUAGE_STANDARD = "gnu++14";
				CLANG_CXX_LIBRARY = "libc++";
				CLANG_ENABLE_MODULES = YES;
				CLANG_ENABLE_OBJC_ARC = YES;
				CLANG_ENABLE_OBJC_WEAK = YES;
				CLANG_WARN_BLOCK_CAPTURE_AUTORELEASING = YES;
				CLANG_WARN_BOOL_CONVERSION = YES;
				CLANG_WARN_COMMA = YES;
				CLANG_WARN_CONSTANT_CONVERSION = YES;
				CLANG_WARN_DEPRECATED_OBJC_IMPLEMENTATIONS = YES;
				CLANG_WARN_DIRECT_OBJC_ISA_USAGE = YES_ERROR;
				CLANG_WARN_DOCUMENTATION_COMMENTS = YES;
				CLANG_WARN_EMPTY_BODY = YES;
				CLANG_WARN_ENUM_CONVERSION = YES;
				CLANG_WARN_INFINITE_RECURSION = YES;
				CLANG_WARN_INT_CONVERSION = YES;
				CLANG_WARN_NON_LITERAL_NULL_CONVERSION = YES;
				CLANG_WARN_OBJC_IMPLICIT_RETAIN_SELF = YES;
				CLANG_WARN_OBJC_LITERAL_CONVERSION = YES;
				CLANG_WARN_OBJC_ROOT_CLASS = YES_ERROR;
				CLANG_WARN_QUOTED_INCLUDE_IN_FRAMEWORK_HEADER = YES;
				CLANG_WARN_RANGE_LOOP_ANALYSIS = YES;
				CLANG_WARN_STRICT_PROTOTYPES = YES;
				CLANG_WARN_SUSPICIOUS_MOVE = YES;
				CLANG_WARN_UNGUARDED_AVAILABILITY = YES_AGGRESSIVE;
				CLANG_WARN_UNREACHABLE_CODE = YES;
				CLANG_WARN__DUPLICATE_METHOD_MATCH = YES;
				CODE_SIGN_STYLE = Automatic;
				COPY_PHASE_STRIP = NO;
				DEBUG_INFORMATION_FORMAT = "dwarf-with-dsym";
				DEVELOPMENT_TEAM = "";
				ENABLE_NS_ASSERTIONS = NO;
				ENABLE_STRICT_OBJC_MSGSEND = YES;
				GCC_C_LANGUAGE_STANDARD = gnu11;
				GCC_NO_COMMON_BLOCKS = YES;
				GCC_WARN_64_TO_32_BIT_CONVERSION = YES;
				GCC_WARN_ABOUT_RETURN_TYPE = YES_ERROR;
				GCC_WARN_UNDECLARED_SELECTOR = YES;
				GCC_WARN_UNINITIALIZED_AUTOS = YES_AGGRESSIVE;
				GCC_WARN_UNUSED_FUNCTION = YES;
				GCC_WARN_UNUSED_VARIABLE = YES;
				GENERATE_INFOPLIST_FILE = NO;
				IPHONEOS_DEPLOYMENT_TARGET = 18.0;
				MTL_ENABLE_DEBUG_INFO = NO;
				MTL_FAST_MATH = YES;
				PRODUCT_NAME = "$(TARGET_NAME)";
				SDKROOT = iphoneos;
				SWIFT_COMPILATION_MODE = wholemodule;
				SWIFT_OPTIMIZATION_LEVEL = "-O";
				SWIFT_STRICT_CONCURRENCY = complete;
				SWIFT_VERSION = 6.3;
				TARGETED_DEVICE_FAMILY = 1;
			};
			name = Release;
		};
		72005A32E91448491403A63C /* Debug */ = {
			isa = XCBuildConfiguration;
			buildSettings = {
				BUNDLE_LOADER = "$(TEST_HOST)";
				LD_RUNPATH_SEARCH_PATHS = (
					"$(inherited)",
					"@executable_path/Frameworks",
					"@loader_path/Frameworks",
				);
				SDKROOT = iphoneos;
				TARGETED_DEVICE_FAMILY = "1,2";
				TEST_HOST = "$(BUILT_PRODUCTS_DIR)/KamiApp.app/KamiApp";
			};
			name = Debug;
		};
		74301162EA6FEB1D4D7E0357 /* Release */ = {
			isa = XCBuildConfiguration;
			buildSettings = {
				BUNDLE_LOADER = "$(TEST_HOST)";
				LD_RUNPATH_SEARCH_PATHS = (
					"$(inherited)",
					"@executable_path/Frameworks",
					"@loader_path/Frameworks",
				);
				SDKROOT = iphoneos;
				TARGETED_DEVICE_FAMILY = "1,2";
				TEST_HOST = "$(BUILT_PRODUCTS_DIR)/KamiApp.app/KamiApp";
			};
			name = Release;
		};
		77E6E19A1CA520F421B4989F /* Debug */ = {
			isa = XCBuildConfiguration;
			buildSettings = {
				BUNDLE_LOADER = "$(TEST_HOST)";
				LD_RUNPATH_SEARCH_PATHS = (
					"$(inherited)",
					"@executable_path/Frameworks",
					"@loader_path/Frameworks",
				);
				SDKROOT = iphoneos;
				TARGETED_DEVICE_FAMILY = "1,2";
				TEST_TARGET_NAME = KamiApp;
			};
			name = Debug;
		};
		89B0CA1E37E4394C657B91FC /* Debug */ = {
			isa = XCBuildConfiguration;
			buildSettings = {
				CODE_SIGN_IDENTITY = "";
				CURRENT_PROJECT_VERSION = 1;
				DEFINES_MODULE = YES;
				DYLIB_COMPATIBILITY_VERSION = 1;
				DYLIB_CURRENT_VERSION = 1;
				DYLIB_INSTALL_NAME_BASE = "@rpath";
				GENERATE_INFOPLIST_FILE = YES;
				INSTALL_PATH = "$(LOCAL_LIBRARY_DIR)/Frameworks";
				LD_RUNPATH_SEARCH_PATHS = (
					"$(inherited)",
					"@executable_path/Frameworks",
				);
				PRODUCT_BUNDLE_IDENTIFIER = eu.maxwase.kami.core;
				SDKROOT = iphoneos;
				SKIP_INSTALL = YES;
				TARGETED_DEVICE_FAMILY = "1,2";
				VERSIONING_SYSTEM = "apple-generic";
			};
			name = Debug;
		};
		DB2D1E2103D0670ED14B31CC /* Debug */ = {
			isa = XCBuildConfiguration;
			buildSettings = {
				BUNDLE_LOADER = "$(TEST_HOST)";
				LD_RUNPATH_SEARCH_PATHS = (
					"$(inherited)",
					"@executable_path/Frameworks",
					"@loader_path/Frameworks",
				);
				SDKROOT = iphoneos;
				TARGETED_DEVICE_FAMILY = "1,2";
				TEST_HOST = "$(BUILT_PRODUCTS_DIR)/KamiApp.app/KamiApp";
			};
			name = Debug;
		};
/* End XCBuildConfiguration section */

/* Begin XCConfigurationList section */
		0974BADDB0D8C503A3F9FEF9 /* Build configuration list for PBXNativeTarget "KamiSnapshotTests" */ = {
			isa = XCConfigurationList;
			buildConfigurations = (
				72005A32E91448491403A63C /* Debug */,
				74301162EA6FEB1D4D7E0357 /* Release */,
			);
			defaultConfigurationIsVisible = 0;
			defaultConfigurationName = Debug;
		};
		11D9FA2CBC152BB599AAFE68 /* Build configuration list for PBXProject "Kami" */ = {
			isa = XCConfigurationList;
			buildConfigurations = (
				083EAAE80E0E6E182ADC4F3B /* Debug */,
				6D73297BA8AB8C2F3FA0D13F /* Release */,
			);
			defaultConfigurationIsVisible = 0;
			defaultConfigurationName = Debug;
		};
		6548D1B74741C811759E8342 /* Build configuration list for PBXNativeTarget "KamiCore" */ = {
			isa = XCConfigurationList;
			buildConfigurations = (
				89B0CA1E37E4394C657B91FC /* Debug */,
				56E427A6EE0458E5F7627320 /* Release */,
			);
			defaultConfigurationIsVisible = 0;
			defaultConfigurationName = Debug;
		};
		715DB531A99904FB39CF188A /* Build configuration list for PBXNativeTarget "KamiCoreTests" */ = {
			isa = XCConfigurationList;
			buildConfigurations = (
				5F13D94D54F957709FF66525 /* Debug */,
				1F2234A0F8A8FAD8F637CE0A /* Release */,
			);
			defaultConfigurationIsVisible = 0;
			defaultConfigurationName = Debug;
		};
		7995562142C44DD539AD6F75 /* Build configuration list for PBXNativeTarget "KamiApp" */ = {
			isa = XCConfigurationList;
			buildConfigurations = (
				3F2006FBC48D14D177609D32 /* Debug */,
				1DEDBD615CC091978C998F95 /* Release */,
			);
			defaultConfigurationIsVisible = 0;
			defaultConfigurationName = Debug;
		};
		D4A580BEDCB929D868032511 /* Build configuration list for PBXNativeTarget "KamiAppUITests" */ = {
			isa = XCConfigurationList;
			buildConfigurations = (
				77E6E19A1CA520F421B4989F /* Debug */,
				5493B5D47A3128F50C3F0E1C /* Release */,
			);
			defaultConfigurationIsVisible = 0;
			defaultConfigurationName = Debug;
		};
		E98B9313BA0E5F6A5331E2A0 /* Build configuration list for PBXNativeTarget "KamiAppTests" */ = {
			isa = XCConfigurationList;
			buildConfigurations = (
				DB2D1E2103D0670ED14B31CC /* Debug */,
				57184D03F40AA0BCC1EE6829 /* Release */,
			);
			defaultConfigurationIsVisible = 0;
			defaultConfigurationName = Debug;
		};
/* End XCConfigurationList section */

/* Begin XCRemoteSwiftPackageReference section */
		3FAAD42C13E3E853E1F4BAB8 /* XCRemoteSwiftPackageReference "swift-snapshot-testing" */ = {
			isa = XCRemoteSwiftPackageReference;
			repositoryURL = "https://github.com/pointfreeco/swift-snapshot-testing";
			requirement = {
				kind = exactVersion;
				version = 1.19.2;
			};
		};
		5C68A58597034BE02B233CDA /* XCRemoteSwiftPackageReference "posthog-ios" */ = {
			isa = XCRemoteSwiftPackageReference;
			repositoryURL = "https://github.com/PostHog/posthog-ios";
			requirement = {
				kind = exactVersion;
				version = 3.69.5;
			};
		};
		75E1B2F22EE107F6C3BC80CC /* XCRemoteSwiftPackageReference "swift-composable-architecture" */ = {
			isa = XCRemoteSwiftPackageReference;
			repositoryURL = "https://github.com/pointfreeco/swift-composable-architecture";
			requirement = {
				kind = exactVersion;
				version = 1.26.1;
			};
		};
/* End XCRemoteSwiftPackageReference section */

/* Begin XCSwiftPackageProductDependency section */
		17108BACFA97ADA9C3FD2694 /* SnapshotTesting */ = {
			isa = XCSwiftPackageProductDependency;
			package = 3FAAD42C13E3E853E1F4BAB8 /* XCRemoteSwiftPackageReference "swift-snapshot-testing" */;
			productName = SnapshotTesting;
		};
		3B5E04D27BB87D42FBF35BAF /* PostHog */ = {
			isa = XCSwiftPackageProductDependency;
			package = 5C68A58597034BE02B233CDA /* XCRemoteSwiftPackageReference "posthog-ios" */;
			productName = PostHog;
		};
		70511DD0684E8609E5AAF5DD /* ComposableArchitecture */ = {
			isa = XCSwiftPackageProductDependency;
			package = 75E1B2F22EE107F6C3BC80CC /* XCRemoteSwiftPackageReference "swift-composable-architecture" */;
			productName = ComposableArchitecture;
		};
		D8A1F4AAC6F478A1BC2E0E97 /* SnapshotTesting */ = {
			isa = XCSwiftPackageProductDependency;
			package = 3FAAD42C13E3E853E1F4BAB8 /* XCRemoteSwiftPackageReference "swift-snapshot-testing" */;
			productName = SnapshotTesting;
		};
/* End XCSwiftPackageProductDependency section */
	};
	rootObject = 9D4BE99BD8A021E7AAE4DFEF /* Project object */;
}
